// !$*UTF8*$!
{
	archiveVersion = 1;
	classes = {
	};
	objectVersion = 46;
	objects = {

/* Begin PBXBuildFile section */
		3EAEBB6A1C79F162006DADAF /* AppDelegate.swift in Sources */ = {isa = PBXBuildFile; fileRef = 3EAEBB691C79F162006DADAF /* AppDelegate.swift */; };
		3EAEBB6F1C79F162006DADAF /* Main.storyboard in Resources */ = {isa = PBXBuildFile; fileRef = 3EAEBB6D1C79F162006DADAF /* Main.storyboard */; };
		3EAEBB711C79F162006DADAF /* Assets.xcassets in Resources */ = {isa = PBXBuildFile; fileRef = 3EAEBB701C79F162006DADAF /* Assets.xcassets */; };
		3EAEBB741C79F162006DADAF /* LaunchScreen.storyboard in Resources */ = {isa = PBXBuildFile; fileRef = 3EAEBB721C79F162006DADAF /* LaunchScreen.storyboard */; };
		3EDD93E01C7A2DBF00625FAA /* RelogioViewController.swift in Sources */ = {isa = PBXBuildFile; fileRef = 3EDD93DF1C7A2DBF00625FAA /* RelogioViewController.swift */; };
		3EDD93E21C7A2DCB00625FAA /* FrasesViewController.swift in Sources */ = {isa = PBXBuildFile; fileRef = 3EDD93E11C7A2DCB00625FAA /* FrasesViewController.swift */; };
		3EDD93E41C7A5DF800625FAA /* CustomTableViewCell.swift in Sources */ = {isa = PBXBuildFile; fileRef = 3EDD93E31C7A5DF800625FAA /* CustomTableViewCell.swift */; };
		3EE380031C86EDD300169E48 /* clsPersistance.swift in Sources */ = {isa = PBXBuildFile; fileRef = 3EE380021C86EDD300169E48 /* clsPersistance.swift */; };
		3EFC609D1C865F2B004239AB /* ConfigViewController.swift in Sources */ = {isa = PBXBuildFile; fileRef = 3EFC609C1C865F2B004239AB /* ConfigViewController.swift */; };
/* End PBXBuildFile section */

/* Begin PBXFileReference section */
		3EAEBB661C79F162006DADAF /* Relogio.app */ = {isa = PBXFileReference; explicitFileType = wrapper.application; includeInIndex = 0; path = Relogio.app; sourceTree = BUILT_PRODUCTS_DIR; };
		3EAEBB691C79F162006DADAF /* AppDelegate.swift */ = {isa = PBXFileReference; lastKnownFileType = sourcecode.swift; path = AppDelegate.swift; sourceTree = "<group>"; };
		3EAEBB6E1C79F162006DADAF /* Base */ = {isa = PBXFileReference; lastKnownFileType = file.storyboard; name = Base; path = Base.lproj/Main.storyboard; sourceTree = "<group>"; };
		3EAEBB701C79F162006DADAF /* Assets.xcassets */ = {isa = PBXFileReference; lastKnownFileType = folder.assetcatalog; path = Assets.xcassets; sourceTree = "<group>"; };
		3EAEBB731C79F162006DADAF /* Base */ = {isa = PBXFileReference; lastKnownFileType = file.storyboard; name = Base; path = Base.lproj/LaunchScreen.storyboard; sourceTree = "<group>"; };
		3EAEBB751C79F162006DADAF /* Info.plist */ = {isa = PBXFileReference; lastKnownFileType = text.plist.xml; path = Info.plist; sourceTree = "<group>"; };
		3EDD93DF1C7A2DBF00625FAA /* RelogioViewController.swift */ = {isa = PBXFileReference; fileEncoding = 4; lastKnownFileType = sourcecode.swift; path = RelogioViewController.swift; sourceTree = "<group>"; };
		3EDD93E11C7A2DCB00625FAA /* FrasesViewController.swift */ = {isa = PBXFileReference; fileEncoding = 4; lastKnownFileType = sourcecode.swift; path = FrasesViewController.swift; sourceTree = "<group>"; };
		3EDD93E31C7A5DF800625FAA /* CustomTableViewCell.swift */ = {isa = PBXFileReference; fileEncoding = 4; lastKnownFileType = sourcecode.swift; path = CustomTableViewCell.swift; sourceTree = "<group>"; };
		3EE380021C86EDD300169E48 /* clsPersistance.swift */ = {isa = PBXFileReference; fileEncoding = 4; lastKnownFileType = sourcecode.swift; path = clsPersistance.swift; sourceTree = "<group>"; };
		3EFC609C1C865F2B004239AB /* ConfigViewController.swift */ = {isa = PBXFileReference; fileEncoding = 4; lastKnownFileType = sourcecode.swift; path = ConfigViewController.swift; sourceTree = "<group>"; };
/* End PBXFileReference section */

/* Begin PBXFrameworksBuildPhase section */
		3EAEBB631C79F162006DADAF /* Frameworks */ = {
			isa = PBXFrameworksBuildPhase;
			buildActionMask = 2147483647;
			files = (
			);
			runOnlyForDeploymentPostprocessing = 0;
		};
/* End PBXFrameworksBuildPhase section */

/* Begin PBXGroup section */
		3EAEBB5D1C79F162006DADAF = {
			isa = PBXGroup;
			children = (
				3EAEBB681C79F162006DADAF /* Relogio */,
				3EAEBB671C79F162006DADAF /* Products */,
			);
			sourceTree = "<group>";
		};
		3EAEBB671C79F162006DADAF /* Products */ = {
			isa = PBXGroup;
			children = (
				3EAEBB661C79F162006DADAF /* Relogio.app */,
			);
			name = Products;
			sourceTree = "<group>";
		};
		3EAEBB681C79F162006DADAF /* Relogio */ = {
			isa = PBXGroup;
			children = (
				3EAEBB691C79F162006DADAF /* AppDelegate.swift */,
				3EAEBB6D1C79F162006DADAF /* Main.storyboard */,
				3EDD93E31C7A5DF800625FAA /* CustomTableViewCell.swift */,
				3EDD93DF1C7A2DBF00625FAA /* RelogioViewController.swift */,
				3EFC609C1C865F2B004239AB /* ConfigViewController.swift */,
				3EDD93E11C7A2DCB00625FAA /* FrasesViewController.swift */,
				3EAEBB701C79F162006DADAF /* Assets.xcassets */,
				3EAEBB721C79F162006DADAF /* LaunchScreen.storyboard */,
				3EAEBB751C79F162006DADAF /* Info.plist */,
				3EE380021C86EDD300169E48 /* clsPersistance.swift */,
			);
			path = Relogio;
			sourceTree = "<group>";
		};
/* End PBXGroup section */

/* Begin PBXNativeTarget section */
		3EAEBB651C79F162006DADAF /* Relogio */ = {
			isa = PBXNativeTarget;
			buildConfigurationList = 3EAEBB781C79F162006DADAF /* Build configuration list for PBXNativeTarget "Relogio" */;
			buildPhases = (
				3EAEBB621C79F162006DADAF /* Sources */,
				3EAEBB631C79F162006DADAF /* Frameworks */,
				3EAEBB641C79F162006DADAF /* Resources */,
			);
			buildRules = (
			);
			dependencies = (
			);
			name = Relogio;
			productName = Relogio;
			productReference = 3EAEBB661C79F162006DADAF /* Relogio.app */;
			productType = "com.apple.product-type.application";
		};
/* End PBXNativeTarget section */

/* Begin PBXProject section */
		3EAEBB5E1C79F162006DADAF /* Project object */ = {
			isa = PBXProject;
			attributes = {
				LastSwiftUpdateCheck = 0720;
				LastUpgradeCheck = 0720;
				ORGANIZATIONNAME = "Luicil Fernandes";
				TargetAttributes = {
					3EAEBB651C79F162006DADAF = {
						CreatedOnToolsVersion = 7.2.1;
						DevelopmentTeam = SA2C6S6NFP;
					};
				};
			};
			buildConfigurationList = 3EAEBB611C79F162006DADAF /* Build configuration list for PBXProject "Relogio" */;
			compatibilityVersion = "Xcode 3.2";
			developmentRegion = English;
			hasScannedForEncodings = 0;
			knownRegions = (
				en,
				Base,
			);
			mainGroup = 3EAEBB5D1C79F162006DADAF;
			productRefGroup = 3EAEBB671C79F162006DADAF /* Products */;
			projectDirPath = "";
			projectRoot = "";
			targets = (
				3EAEBB651C79F162006DADAF /* Relogio */,
			);
		};
/* End PBXProject section */

/* Begin PBXResourcesBuildPhase section */
		3EAEBB641C79F162006DADAF /* Resources */ = {
			isa = PBXResourcesBuildPhase;
			buildActionMask = 2147483647;
			files = (
				3EAEBB741C79F162006DADAF /* LaunchScreen.storyboard in Resources */,
				3EAEBB711C79F162006DADAF /* Assets.xcassets in Resources */,
				3EAEBB6F1C79F162006DADAF /* Main.storyboard in Resources */,
			);
			runOnlyForDeploymentPostprocessing = 0;
		};
/* End PBXResourcesBuildPhase section */

/* Begin PBXSourcesBuildPhase section */
		3EAEBB621C79F162006DADAF /* Sources */ = {
			isa = PBXSourcesBuildPhase;
			buildActionMask = 2147483647;
			files = (
				3EE380031C86EDD300169E48 /* clsPersistance.swift in Sources */,
				3EDD93E21C7A2DCB00625FAA /* FrasesViewController.swift in Sources */,
				3EDD93E41C7A5DF800625FAA /* CustomTableViewCell.swift in Sources */,
				3EDD93E01C7A2DBF00625FAA /* RelogioViewController.swift in Sources */,
				3EFC609D1C865F2B004239AB /* ConfigViewController.swift in Sources */,
				3EAEBB6A1C79F162006DADAF /* AppDelegate.swift in Sources */,
			);
			runOnlyForDeploymentPostprocessing = 0;
		};
/* End PBXSourcesBuildPhase section */

/* Begin PBXVariantGroup section */
		3EAEBB6D1C79F162006DADAF /* Main.storyboard */ = {
			isa = PBXVariantGroup;
			children = (
				3EAEBB6E1C79F162006DADAF /* Base */,
			);
			name = Main.storyboard;
			sourceTree = "<group>";
		};
		3EAEBB721C79F162006DADAF /* LaunchScreen.storyboard */ = {
			isa = PBXVariantGroup;
			children = (
				3EAEBB731C79F162006DADAF /* Base */,
			);
			name = LaunchScreen.storyboard;
			sourceTree = "<group>";
		};
/* End PBXVariantGroup section */

/* Begin XCBuildConfiguration section */
		3EAEBB761C79F162006DADAF /* Debug */ = {
			isa = XCBuildConfiguration;
			buildSettings = {
				ALWAYS_SEARCH_USER_PATHS = NO;
				CLANG_CXX_LANGUAGE_STANDARD = "gnu++0x";
				CLANG_CXX_LIBRARY = "libc++";
				CLANG_ENABLE_MODULES = YES;
				CLANG_ENABLE_OBJC_ARC = YES;
				CLANG_WARN_BOOL_CONVERSION = YES;
				CLANG_WARN_CONSTANT_CONVERSION = YES;
				CLANG_WARN_DIRECT_OBJC_ISA_USAGE = YES_ERROR;
				CLANG_WARN_EMPTY_BODY = YES;
				CLANG_WARN_ENUM_CONVERSION = YES;
				CLANG_WARN_INT_CONVERSION = YES;
				CLANG_WARN_OBJC_ROOT_CLASS = YES_ERROR;
				CLANG_WARN_UNREACHABLE_CODE = YES;
				CLANG_WARN__DUPLICATE_METHOD_MATCH = YES;
				"CODE_SIGN_IDENTITY[sdk=iphoneos*]" = "iPhone Developer";
				COPY_PHASE_STRIP = NO;
				DEBUG_INFORMATION_FORMAT = dwarf;
				ENABLE_STRICT_OBJC_MSGSEND = YES;
				ENABLE_TESTABILITY = YES;
				GCC_C_LANGUAGE_STANDARD = gnu99;
				GCC_DYNAMIC_NO_PIC = NO;
				GCC_NO_COMMON_BLOCKS = YES;
				GCC_OPTIMIZATION_LEVEL = 0;
				GCC_PREPROCESSOR_DEFINITIONS = (
					"DEBUG=1",
					"$(inherited)",
				);
				GCC_WARN_64_TO_32_BIT_CONVERSION = YES;
				GCC_WARN_ABOUT_RETURN_TYPE = YES_ERROR;
				GCC_WARN_UNDECLARED_SELECTOR = YES;
				GCC_WARN_UNINITIALIZED_AUTOS = YES_AGGRESSIVE;
				GCC_WARN_UNUSED_FUNCTION = YES;
				GCC_WARN_UNUSED_VARIABLE = YES;
				IPHONEOS_DEPLOYMENT_TARGET = 9.2;
				MTL_ENABLE_DEBUG_INFO = YES;
				ONLY_ACTIVE_ARCH = YES;
				SDKROOT = iphoneos;
				SWIFT_OPTIMIZATION_LEVEL = "-Onone";
				TARGETED_DEVICE_FAMILY = "1,2";
			};
			name = Debug;
		};
		3EAEBB771C79F162006DADAF /* Release */ = {
			isa = XCBuildConfiguration;
			buildSettings = {
				ALWAYS_SEARCH_USER_PATHS = NO;
				CLANG_CXX_LANGUAGE_STANDARD = "gnu++0x";
				CLANG_CXX_LIBRARY = "libc++";
				CLANG_ENABLE_MODULES = YES;
				CLANG_ENABLE_OBJC_ARC = YES;
				CLANG_WARN_BOOL_CONVERSION = YES;
				CLANG_WARN_CONSTANT_CONVERSION = YES;
				CLANG_WARN_DIRECT_OBJC_ISA_USAGE = YES_ERROR;
				CLANG_WARN_EMPTY_BODY = YES;
				CLANG_WARN_ENUM_CONVERSION = YES;
				CLANG_WARN_INT_CONVERSION = YES;
				CLANG_WARN_OBJC_ROOT_CLASS = YES_ERROR;
				CLANG_WARN_UNREACHABLE_CODE = YES;
				CLANG_WARN__DUPLICATE_METHOD_MATCH = YES;
				"CODE_SIGN_IDENTITY[sdk=iphoneos*]" = "iPhone Developer";
				COPY_PHASE_STRIP = NO;
				DEBUG_INFORMATION_FORMAT = "dwarf-with-dsym";
				ENABLE_NS_ASSERTIONS = NO;
				ENABLE_STRICT_OBJC_MSGSEND = YES;
				GCC_C_LANGUAGE_STANDARD = gnu99;
				GCC_NO_COMMON_BLOCKS = YES;
				GCC_WARN_64_TO_32_BIT_CONVERSION = YES;
				GCC_WARN_ABOUT_RETURN_TYPE = YES_ERROR;
				GCC_WARN_UNDECLARED_SELECTOR = YES;
				GCC_WARN_UNINITIALIZED_AUTOS = YES_AGGRESSIVE;
				GCC_WARN_UNUSED_FUNCTION = YES;
				GCC_WARN_UNUSED_VARIABLE = YES;
				IPHONEOS_DEPLOYMENT_TARGET = 9.2;
				MTL_ENABLE_DEBUG_INFO = NO;
				SDKROOT = iphoneos;
				TARGETED_DEVICE_FAMILY = "1,2";
				VALIDATE_PRODUCT = YES;
			};
			name = Release;
		};
		3EAEBB791C79F162006DADAF /* Debug */ = {
			isa = XCBuildConfiguration;
			buildSettings = {
				ASSETCATALOG_COMPILER_APPICON_NAME = AppIcon;
				INFOPLIST_FILE = Relogio/Info.plist;
				LD_RUNPATH_SEARCH_PATHS = "$(inherited) @executable_path/Frameworks";
				PRODUCT_BUNDLE_IDENTIFIER = com.luicil.fernandes.Relogio;
				PRODUCT_NAME = "$(TARGET_NAME)";
			};
			name = Debug;
		};
		3EAEBB7A1C79F162006DADAF /* Release */ = {
			isa = XCBuildConfiguration;
			buildSettings = {
				ASSETCATALOG_COMPILER_APPICON_NAME = AppIcon;
				INFOPLIST_FILE = Relogio/Info.plist;
				LD_RUNPATH_SEARCH_PATHS = "$(inherited) @executable_path/Frameworks";
				PRODUCT_BUNDLE_IDENTIFIER = com.luicil.fernandes.Relogio;
				PRODUCT_NAME = "$(TARGET_NAME)";
			};
			name = Release;
		};
/* End XCBuildConfiguration section */

/* Begin XCConfigurationList section */
		3EAEBB611C79F162006DADAF /* Build configuration list for PBXProject "Relogio" */ = {
			isa = XCConfigurationList;
			buildConfigurations = (
				3EAEBB761C79F162006DADAF /* Debug */,
				3EAEBB771C79F162006DADAF /* Release */,
			);
			defaultConfigurationIsVisible = 0;
			defaultConfigurationName = Release;
		};
		3EAEBB781C79F162006DADAF /* Build configuration list for PBXNativeTarget "Relogio" */ = {
			isa = XCConfigurationList;
			buildConfigurations = (
				3EAEBB791C79F162006DADAF /* Debug */,
				3EAEBB7A1C79F162006DADAF /* Release */,
			);
			defaultConfigurationIsVisible = 0;
			defaultConfigurationName = Release;
		};
/* End XCConfigurationList section */
	};
	rootObject = 3EAEBB5E1C79F162006DADAF /* Project object */;
}
